// !$*UTF8*$!
{
	archiveVersion = 1;
	classes = {
	};
	objectVersion = 48;
	objects = {

/* Begin PBXBuildFile section */
		6D9AB0B821F9140200204C93 /* Coordinator.swift in Sources */ = {isa = PBXBuildFile; fileRef = 6D9AB0B721F9140200204C93 /* Coordinator.swift */; };
		6D9AB0BB21F9149A00204C93 /* GameBoardCoordinator.swift in Sources */ = {isa = PBXBuildFile; fileRef = 6D9AB0BA21F9149A00204C93 /* GameBoardCoordinator.swift */; };
		6D9AB0BD21F914CE00204C93 /* GameBoardViewModel.swift in Sources */ = {isa = PBXBuildFile; fileRef = 6D9AB0BC21F914CE00204C93 /* GameBoardViewModel.swift */; };
		6D9AB0BF21F914FF00204C93 /* GameBoardViewController.swift in Sources */ = {isa = PBXBuildFile; fileRef = 6D9AB0BE21F914FF00204C93 /* GameBoardViewController.swift */; };
		6D9AB0C221F9194800204C93 /* MainStore.swift in Sources */ = {isa = PBXBuildFile; fileRef = 6D9AB0C121F9194800204C93 /* MainStore.swift */; };
		6D9AB0C721F919B500204C93 /* MainState.swift in Sources */ = {isa = PBXBuildFile; fileRef = 6D9AB0C621F919B500204C93 /* MainState.swift */; };
		6D9AB0C921F91A6F00204C93 /* GameState.swift in Sources */ = {isa = PBXBuildFile; fileRef = 6D9AB0C821F91A6F00204C93 /* GameState.swift */; };
		6D9AB0CB21F91C7800204C93 /* MainReducer.swift in Sources */ = {isa = PBXBuildFile; fileRef = 6D9AB0CA21F91C7800204C93 /* MainReducer.swift */; };
		6D9AB0CD21F91D2C00204C93 /* GameReducer.swift in Sources */ = {isa = PBXBuildFile; fileRef = 6D9AB0CC21F91D2C00204C93 /* GameReducer.swift */; };
		6D9AB0CF21F91E9100204C93 /* Actions.swift in Sources */ = {isa = PBXBuildFile; fileRef = 6D9AB0CE21F91E9100204C93 /* Actions.swift */; };
		6D9AB0D221F9209D00204C93 /* DependencyManager.swift in Sources */ = {isa = PBXBuildFile; fileRef = 6D9AB0D121F9209D00204C93 /* DependencyManager.swift */; };
		6D9AB0D521F92CE700204C93 /* Translations.swift in Sources */ = {isa = PBXBuildFile; fileRef = 6D9AB0D421F92CE700204C93 /* Translations.swift */; };
		6D9AB0DA21F9349600204C93 /* Localizable.strings in Resources */ = {isa = PBXBuildFile; fileRef = 6D9AB0D821F9349500204C93 /* Localizable.strings */; };
		6DB759F021F90ED200CB617E /* AppDelegate.swift in Sources */ = {isa = PBXBuildFile; fileRef = 6DB759EF21F90ED200CB617E /* AppDelegate.swift */; };
		6DB759F721F90ED200CB617E /* Assets.xcassets in Resources */ = {isa = PBXBuildFile; fileRef = 6DB759F621F90ED200CB617E /* Assets.xcassets */; };
		6DB759FA21F90ED200CB617E /* LaunchScreen.storyboard in Resources */ = {isa = PBXBuildFile; fileRef = 6DB759F821F90ED200CB617E /* LaunchScreen.storyboard */; };
		6DB75A0521F90ED200CB617E /* TicTacToeReactTests.swift in Sources */ = {isa = PBXBuildFile; fileRef = 6DB75A0421F90ED200CB617E /* TicTacToeReactTests.swift */; };
		8425506D49087744ACE808C2 /* Pods_TicTacToeReact.framework in Frameworks */ = {isa = PBXBuildFile; fileRef = 43BEC76D41F3786DD7F10BC3 /* Pods_TicTacToeReact.framework */; };
		D80126B0117FC2F35FD5CC1A /* Pods_TicTacToeReactTests.framework in Frameworks */ = {isa = PBXBuildFile; fileRef = 1D5E52CA4EA8ED7A297CCD94 /* Pods_TicTacToeReactTests.framework */; };
/* End PBXBuildFile section */

/* Begin PBXContainerItemProxy section */
		6DB75A0121F90ED200CB617E /* PBXContainerItemProxy */ = {
			isa = PBXContainerItemProxy;
			containerPortal = 6DB759E421F90ED200CB617E /* Project object */;
			proxyType = 1;
			remoteGlobalIDString = 6DB759EB21F90ED200CB617E;
			remoteInfo = TicTacToeReact;
		};
/* End PBXContainerItemProxy section */

/* Begin PBXFileReference section */
		1D5E52CA4EA8ED7A297CCD94 /* Pods_TicTacToeReactTests.framework */ = {isa = PBXFileReference; explicitFileType = wrapper.framework; includeInIndex = 0; path = Pods_TicTacToeReactTests.framework; sourceTree = BUILT_PRODUCTS_DIR; };
		43BEC76D41F3786DD7F10BC3 /* Pods_TicTacToeReact.framework */ = {isa = PBXFileReference; explicitFileType = wrapper.framework; includeInIndex = 0; path = Pods_TicTacToeReact.framework; sourceTree = BUILT_PRODUCTS_DIR; };
		630DA5619CF00E909D6CC28B /* Pods-TicTacToeReact.release.xcconfig */ = {isa = PBXFileReference; includeInIndex = 1; lastKnownFileType = text.xcconfig; name = "Pods-TicTacToeReact.release.xcconfig"; path = "Pods/Target Support Files/Pods-TicTacToeReact/Pods-TicTacToeReact.release.xcconfig"; sourceTree = "<group>"; };
		6D9AB0B721F9140200204C93 /* Coordinator.swift */ = {isa = PBXFileReference; lastKnownFileType = sourcecode.swift; path = Coordinator.swift; sourceTree = "<group>"; };
		6D9AB0BA21F9149A00204C93 /* GameBoardCoordinator.swift */ = {isa = PBXFileReference; lastKnownFileType = sourcecode.swift; path = GameBoardCoordinator.swift; sourceTree = "<group>"; };
		6D9AB0BC21F914CE00204C93 /* GameBoardViewModel.swift */ = {isa = PBXFileReference; lastKnownFileType = sourcecode.swift; path = GameBoardViewModel.swift; sourceTree = "<group>"; };
		6D9AB0BE21F914FF00204C93 /* GameBoardViewController.swift */ = {isa = PBXFileReference; lastKnownFileType = sourcecode.swift; path = GameBoardViewController.swift; sourceTree = "<group>"; };
		6D9AB0C121F9194800204C93 /* MainStore.swift */ = {isa = PBXFileReference; lastKnownFileType = sourcecode.swift; path = MainStore.swift; sourceTree = "<group>"; };
		6D9AB0C621F919B500204C93 /* MainState.swift */ = {isa = PBXFileReference; lastKnownFileType = sourcecode.swift; path = MainState.swift; sourceTree = "<group>"; };
		6D9AB0C821F91A6F00204C93 /* GameState.swift */ = {isa = PBXFileReference; lastKnownFileType = sourcecode.swift; path = GameState.swift; sourceTree = "<group>"; };
		6D9AB0CA21F91C7800204C93 /* MainReducer.swift */ = {isa = PBXFileReference; lastKnownFileType = sourcecode.swift; path = MainReducer.swift; sourceTree = "<group>"; };
		6D9AB0CC21F91D2C00204C93 /* GameReducer.swift */ = {isa = PBXFileReference; lastKnownFileType = sourcecode.swift; path = GameReducer.swift; sourceTree = "<group>"; };
		6D9AB0CE21F91E9100204C93 /* Actions.swift */ = {isa = PBXFileReference; lastKnownFileType = sourcecode.swift; path = Actions.swift; sourceTree = "<group>"; };
		6D9AB0D121F9209D00204C93 /* DependencyManager.swift */ = {isa = PBXFileReference; lastKnownFileType = sourcecode.swift; path = DependencyManager.swift; sourceTree = "<group>"; };
		6D9AB0D421F92CE700204C93 /* Translations.swift */ = {isa = PBXFileReference; lastKnownFileType = sourcecode.swift; path = Translations.swift; sourceTree = "<group>"; };
		6D9AB0D621F933CE00204C93 /* nl */ = {isa = PBXFileReference; lastKnownFileType = text.plist.strings; name = nl; path = nl.lproj/LaunchScreen.strings; sourceTree = "<group>"; };
		6D9AB0D721F9342B00204C93 /* fr */ = {isa = PBXFileReference; lastKnownFileType = text.plist.strings; name = fr; path = fr.lproj/LaunchScreen.strings; sourceTree = "<group>"; };
		6D9AB0D921F9349500204C93 /* Base */ = {isa = PBXFileReference; lastKnownFileType = text.plist.strings; name = Base; path = TicTacToeReact/Base.lproj/Localizable.strings; sourceTree = "<group>"; };
		6D9AB0DB21F934C300204C93 /* nl */ = {isa = PBXFileReference; lastKnownFileType = text.plist.strings; name = nl; path = TicTacToeReact/nl.lproj/Localizable.strings; sourceTree = "<group>"; };
		6D9AB0DC21F934CA00204C93 /* fr */ = {isa = PBXFileReference; lastKnownFileType = text.plist.strings; name = fr; path = TicTacToeReact/fr.lproj/Localizable.strings; sourceTree = "<group>"; };
		6D9AB0DD21F934CE00204C93 /* en */ = {isa = PBXFileReference; lastKnownFileType = text.plist.strings; name = en; path = TicTacToeReact/en.lproj/Localizable.strings; sourceTree = "<group>"; };
		6DB759EC21F90ED200CB617E /* TicTacToeReact.app */ = {isa = PBXFileReference; explicitFileType = wrapper.application; includeInIndex = 0; path = TicTacToeReact.app; sourceTree = BUILT_PRODUCTS_DIR; };
		6DB759EF21F90ED200CB617E /* AppDelegate.swift */ = {isa = PBXFileReference; lastKnownFileType = sourcecode.swift; path = AppDelegate.swift; sourceTree = "<group>"; };
		6DB759F621F90ED200CB617E /* Assets.xcassets */ = {isa = PBXFileReference; lastKnownFileType = folder.assetcatalog; path = Assets.xcassets; sourceTree = "<group>"; };
		6DB759F921F90ED200CB617E /* Base */ = {isa = PBXFileReference; lastKnownFileType = file.storyboard; name = Base; path = Base.lproj/LaunchScreen.storyboard; sourceTree = "<group>"; };
		6DB759FB21F90ED200CB617E /* Info.plist */ = {isa = PBXFileReference; lastKnownFileType = text.plist.xml; path = Info.plist; sourceTree = "<group>"; };
		6DB75A0021F90ED200CB617E /* TicTacToeReactTests.xctest */ = {isa = PBXFileReference; explicitFileType = wrapper.cfbundle; includeInIndex = 0; path = TicTacToeReactTests.xctest; sourceTree = BUILT_PRODUCTS_DIR; };
		6DB75A0421F90ED200CB617E /* TicTacToeReactTests.swift */ = {isa = PBXFileReference; lastKnownFileType = sourcecode.swift; path = TicTacToeReactTests.swift; sourceTree = "<group>"; };
		6DB75A0621F90ED200CB617E /* Info.plist */ = {isa = PBXFileReference; lastKnownFileType = text.plist.xml; path = Info.plist; sourceTree = "<group>"; };
		8443AF2AA69BD8F32EE1E46D /* Pods-TicTacToeReact.debug.xcconfig */ = {isa = PBXFileReference; includeInIndex = 1; lastKnownFileType = text.xcconfig; name = "Pods-TicTacToeReact.debug.xcconfig"; path = "Pods/Target Support Files/Pods-TicTacToeReact/Pods-TicTacToeReact.debug.xcconfig"; sourceTree = "<group>"; };
		9D294DCDCAC440D3E95A305C /* Pods-TicTacToeReactTests.release.xcconfig */ = {isa = PBXFileReference; includeInIndex = 1; lastKnownFileType = text.xcconfig; name = "Pods-TicTacToeReactTests.release.xcconfig"; path = "Pods/Target Support Files/Pods-TicTacToeReactTests/Pods-TicTacToeReactTests.release.xcconfig"; sourceTree = "<group>"; };
		DB81C456A9356B0D43260A9A /* Pods-TicTacToeReactTests.debug.xcconfig */ = {isa = PBXFileReference; includeInIndex = 1; lastKnownFileType = text.xcconfig; name = "Pods-TicTacToeReactTests.debug.xcconfig"; path = "Pods/Target Support Files/Pods-TicTacToeReactTests/Pods-TicTacToeReactTests.debug.xcconfig"; sourceTree = "<group>"; };
/* End PBXFileReference section */

/* Begin PBXFrameworksBuildPhase section */
		6DB759E921F90ED200CB617E /* Frameworks */ = {
			isa = PBXFrameworksBuildPhase;
			buildActionMask = 2147483647;
			files = (
				8425506D49087744ACE808C2 /* Pods_TicTacToeReact.framework in Frameworks */,
			);
			runOnlyForDeploymentPostprocessing = 0;
		};
		6DB759FD21F90ED200CB617E /* Frameworks */ = {
			isa = PBXFrameworksBuildPhase;
			buildActionMask = 2147483647;
			files = (
				D80126B0117FC2F35FD5CC1A /* Pods_TicTacToeReactTests.framework in Frameworks */,
			);
			runOnlyForDeploymentPostprocessing = 0;
		};
/* End PBXFrameworksBuildPhase section */

/* Begin PBXGroup section */
		6D9AB0B621F913EB00204C93 /* Coordinator */ = {
			isa = PBXGroup;
			children = (
				6D9AB0B721F9140200204C93 /* Coordinator.swift */,
			);
			path = Coordinator;
			sourceTree = "<group>";
		};
		6D9AB0B921F9148300204C93 /* GameBoard */ = {
			isa = PBXGroup;
			children = (
				6D9AB0BA21F9149A00204C93 /* GameBoardCoordinator.swift */,
				6D9AB0BC21F914CE00204C93 /* GameBoardViewModel.swift */,
				6D9AB0BE21F914FF00204C93 /* GameBoardViewController.swift */,
			);
			path = GameBoard;
			sourceTree = "<group>";
		};
		6D9AB0C021F9190600204C93 /* Redux */ = {
			isa = PBXGroup;
			children = (
				6D9AB0C521F919A200204C93 /* Reducers */,
				6D9AB0C421F9199500204C93 /* States */,
				6D9AB0C321F9198800204C93 /* Actions */,
				6D9AB0C121F9194800204C93 /* MainStore.swift */,
			);
			path = Redux;
			sourceTree = "<group>";
		};
		6D9AB0C321F9198800204C93 /* Actions */ = {
			isa = PBXGroup;
			children = (
				6D9AB0CE21F91E9100204C93 /* Actions.swift */,
			);
			path = Actions;
			sourceTree = "<group>";
		};
		6D9AB0C421F9199500204C93 /* States */ = {
			isa = PBXGroup;
			children = (
				6D9AB0C621F919B500204C93 /* MainState.swift */,
				6D9AB0C821F91A6F00204C93 /* GameState.swift */,
			);
			path = States;
			sourceTree = "<group>";
		};
		6D9AB0C521F919A200204C93 /* Reducers */ = {
			isa = PBXGroup;
			children = (
				6D9AB0CA21F91C7800204C93 /* MainReducer.swift */,
				6D9AB0CC21F91D2C00204C93 /* GameReducer.swift */,
			);
			path = Reducers;
			sourceTree = "<group>";
		};
		6D9AB0D021F9207400204C93 /* DependencyInjection */ = {
			isa = PBXGroup;
			children = (
				6D9AB0D121F9209D00204C93 /* DependencyManager.swift */,
			);
			path = DependencyInjection;
			sourceTree = "<group>";
		};
		6D9AB0D321F92CBB00204C93 /* Translation */ = {
			isa = PBXGroup;
			children = (
				6D9AB0D421F92CE700204C93 /* Translations.swift */,
			);
			path = Translation;
			sourceTree = "<group>";
		};
		6DB759E321F90ED200CB617E = {
			isa = PBXGroup;
			children = (
				6D9AB0D821F9349500204C93 /* Localizable.strings */,
				6DB759EE21F90ED200CB617E /* TicTacToeReact */,
				6DB75A0321F90ED200CB617E /* TicTacToeReactTests */,
				6DB759ED21F90ED200CB617E /* Products */,
				A1268AF344B13665249BAA37 /* Pods */,
				C0CF404F34BABC632F94FED8 /* Frameworks */,
			);
			sourceTree = "<group>";
		};
		6DB759ED21F90ED200CB617E /* Products */ = {
			isa = PBXGroup;
			children = (
				6DB759EC21F90ED200CB617E /* TicTacToeReact.app */,
				6DB75A0021F90ED200CB617E /* TicTacToeReactTests.xctest */,
			);
			name = Products;
			sourceTree = "<group>";
		};
		6DB759EE21F90ED200CB617E /* TicTacToeReact */ = {
			isa = PBXGroup;
			children = (
				6D9AB0D321F92CBB00204C93 /* Translation */,
				6D9AB0D021F9207400204C93 /* DependencyInjection */,
				6D9AB0C021F9190600204C93 /* Redux */,
				6D9AB0B921F9148300204C93 /* GameBoard */,
				6D9AB0B621F913EB00204C93 /* Coordinator */,
				6DB759EF21F90ED200CB617E /* AppDelegate.swift */,
				6DB759F621F90ED200CB617E /* Assets.xcassets */,
				6DB759F821F90ED200CB617E /* LaunchScreen.storyboard */,
				6DB759FB21F90ED200CB617E /* Info.plist */,
			);
			path = TicTacToeReact;
			sourceTree = "<group>";
		};
		6DB75A0321F90ED200CB617E /* TicTacToeReactTests */ = {
			isa = PBXGroup;
			children = (
				6DB75A0421F90ED200CB617E /* TicTacToeReactTests.swift */,
				6DB75A0621F90ED200CB617E /* Info.plist */,
			);
			path = TicTacToeReactTests;
			sourceTree = "<group>";
		};
		A1268AF344B13665249BAA37 /* Pods */ = {
			isa = PBXGroup;
			children = (
				8443AF2AA69BD8F32EE1E46D /* Pods-TicTacToeReact.debug.xcconfig */,
				630DA5619CF00E909D6CC28B /* Pods-TicTacToeReact.release.xcconfig */,
				DB81C456A9356B0D43260A9A /* Pods-TicTacToeReactTests.debug.xcconfig */,
				9D294DCDCAC440D3E95A305C /* Pods-TicTacToeReactTests.release.xcconfig */,
			);
			name = Pods;
			sourceTree = "<group>";
		};
		C0CF404F34BABC632F94FED8 /* Frameworks */ = {
			isa = PBXGroup;
			children = (
				43BEC76D41F3786DD7F10BC3 /* Pods_TicTacToeReact.framework */,
				1D5E52CA4EA8ED7A297CCD94 /* Pods_TicTacToeReactTests.framework */,
			);
			name = Frameworks;
			sourceTree = "<group>";
		};
/* End PBXGroup section */

/* Begin PBXNativeTarget section */
		6DB759EB21F90ED200CB617E /* TicTacToeReact */ = {
			isa = PBXNativeTarget;
			buildConfigurationList = 6DB75A0921F90ED200CB617E /* Build configuration list for PBXNativeTarget "TicTacToeReact" */;
			buildPhases = (
				96068FFEA3FBC18B6ADDDBF8 /* [CP] Check Pods Manifest.lock */,
				6DB759E821F90ED200CB617E /* Sources */,
				6DB759E921F90ED200CB617E /* Frameworks */,
				6DB759EA21F90ED200CB617E /* Resources */,
				FC7574891CA27B5220BDD201 /* [CP] Embed Pods Frameworks */,
			);
			buildRules = (
			);
			dependencies = (
			);
			name = TicTacToeReact;
			productName = TicTacToeReact;
			productReference = 6DB759EC21F90ED200CB617E /* TicTacToeReact.app */;
			productType = "com.apple.product-type.application";
		};
		6DB759FF21F90ED200CB617E /* TicTacToeReactTests */ = {
			isa = PBXNativeTarget;
			buildConfigurationList = 6DB75A0C21F90ED200CB617E /* Build configuration list for PBXNativeTarget "TicTacToeReactTests" */;
			buildPhases = (
				DA346825FFC08A8B856320F7 /* [CP] Check Pods Manifest.lock */,
				6DB759FC21F90ED200CB617E /* Sources */,
				6DB759FD21F90ED200CB617E /* Frameworks */,
				6DB759FE21F90ED200CB617E /* Resources */,
			);
			buildRules = (
			);
			dependencies = (
				6DB75A0221F90ED200CB617E /* PBXTargetDependency */,
			);
			name = TicTacToeReactTests;
			productName = TicTacToeReactTests;
			productReference = 6DB75A0021F90ED200CB617E /* TicTacToeReactTests.xctest */;
			productType = "com.apple.product-type.bundle.unit-test";
		};
/* End PBXNativeTarget section */

/* Begin PBXProject section */
		6DB759E421F90ED200CB617E /* Project object */ = {
			isa = PBXProject;
			attributes = {
				LastSwiftUpdateCheck = 0910;
				LastUpgradeCheck = 0910;
				ORGANIZATIONNAME = altran;
				TargetAttributes = {
					6DB759EB21F90ED200CB617E = {
						CreatedOnToolsVersion = 9.1;
						ProvisioningStyle = Automatic;
					};
					6DB759FF21F90ED200CB617E = {
						CreatedOnToolsVersion = 9.1;
						ProvisioningStyle = Automatic;
						TestTargetID = 6DB759EB21F90ED200CB617E;
					};
				};
			};
			buildConfigurationList = 6DB759E721F90ED200CB617E /* Build configuration list for PBXProject "TicTacToeReact" */;
			compatibilityVersion = "Xcode 8.0";
			developmentRegion = en;
			hasScannedForEncodings = 0;
			knownRegions = (
				en,
				Base,
				nl,
				fr,
			);
			mainGroup = 6DB759E321F90ED200CB617E;
			productRefGroup = 6DB759ED21F90ED200CB617E /* Products */;
			projectDirPath = "";
			projectRoot = "";
			targets = (
				6DB759EB21F90ED200CB617E /* TicTacToeReact */,
				6DB759FF21F90ED200CB617E /* TicTacToeReactTests */,
			);
		};
/* End PBXProject section */

/* Begin PBXResourcesBuildPhase section */
		6DB759EA21F90ED200CB617E /* Resources */ = {
			isa = PBXResourcesBuildPhase;
			buildActionMask = 2147483647;
			files = (
				6DB759FA21F90ED200CB617E /* LaunchScreen.storyboard in Resources */,
				6D9AB0DA21F9349600204C93 /* Localizable.strings in Resources */,
				6DB759F721F90ED200CB617E /* Assets.xcassets in Resources */,
			);
			runOnlyForDeploymentPostprocessing = 0;
		};
		6DB759FE21F90ED200CB617E /* Resources */ = {
			isa = PBXResourcesBuildPhase;
			buildActionMask = 2147483647;
			files = (
			);
			runOnlyForDeploymentPostprocessing = 0;
		};
/* End PBXResourcesBuildPhase section */

/* Begin PBXShellScriptBuildPhase section */
		96068FFEA3FBC18B6ADDDBF8 /* [CP] Check Pods Manifest.lock */ = {
			isa = PBXShellScriptBuildPhase;
			buildActionMask = 2147483647;
			files = (
			);
			inputPaths = (
				"${PODS_PODFILE_DIR_PATH}/Podfile.lock",
				"${PODS_ROOT}/Manifest.lock",
			);
			name = "[CP] Check Pods Manifest.lock";
			outputPaths = (
				"$(DERIVED_FILE_DIR)/Pods-TicTacToeReact-checkManifestLockResult.txt",
			);
			runOnlyForDeploymentPostprocessing = 0;
			shellPath = /bin/sh;
			shellScript = "diff \"${PODS_PODFILE_DIR_PATH}/Podfile.lock\" \"${PODS_ROOT}/Manifest.lock\" > /dev/null\nif [ $? != 0 ] ; then\n    # print error to STDERR\n    echo \"error: The sandbox is not in sync with the Podfile.lock. Run 'pod install' or update your CocoaPods installation.\" >&2\n    exit 1\nfi\n# This output is used by Xcode 'outputs' to avoid re-running this script phase.\necho \"SUCCESS\" > \"${SCRIPT_OUTPUT_FILE_0}\"\n";
			showEnvVarsInLog = 0;
		};
		DA346825FFC08A8B856320F7 /* [CP] Check Pods Manifest.lock */ = {
			isa = PBXShellScriptBuildPhase;
			buildActionMask = 2147483647;
			files = (
			);
			inputPaths = (
				"${PODS_PODFILE_DIR_PATH}/Podfile.lock",
				"${PODS_ROOT}/Manifest.lock",
			);
			name = "[CP] Check Pods Manifest.lock";
			outputPaths = (
				"$(DERIVED_FILE_DIR)/Pods-TicTacToeReactTests-checkManifestLockResult.txt",
			);
			runOnlyForDeploymentPostprocessing = 0;
			shellPath = /bin/sh;
			shellScript = "diff \"${PODS_PODFILE_DIR_PATH}/Podfile.lock\" \"${PODS_ROOT}/Manifest.lock\" > /dev/null\nif [ $? != 0 ] ; then\n    # print error to STDERR\n    echo \"error: The sandbox is not in sync with the Podfile.lock. Run 'pod install' or update your CocoaPods installation.\" >&2\n    exit 1\nfi\n# This output is used by Xcode 'outputs' to avoid re-running this script phase.\necho \"SUCCESS\" > \"${SCRIPT_OUTPUT_FILE_0}\"\n";
			showEnvVarsInLog = 0;
		};
		FC7574891CA27B5220BDD201 /* [CP] Embed Pods Frameworks */ = {
			isa = PBXShellScriptBuildPhase;
			buildActionMask = 2147483647;
			files = (
			);
			inputPaths = (
				"${SRCROOT}/Pods/Target Support Files/Pods-TicTacToeReact/Pods-TicTacToeReact-frameworks.sh",
				"${BUILT_PRODUCTS_DIR}/ReSwift/ReSwift.framework",
				"${BUILT_PRODUCTS_DIR}/RxCocoa/RxCocoa.framework",
				"${BUILT_PRODUCTS_DIR}/RxSwift/RxSwift.framework",
				"${BUILT_PRODUCTS_DIR}/RxSwiftExt/RxSwiftExt.framework",
				"${BUILT_PRODUCTS_DIR}/SnapKit/SnapKit.framework",
				"${BUILT_PRODUCTS_DIR}/Swinject/Swinject.framework",
			);
			name = "[CP] Embed Pods Frameworks";
			outputPaths = (
				"${TARGET_BUILD_DIR}/${FRAMEWORKS_FOLDER_PATH}/ReSwift.framework",
				"${TARGET_BUILD_DIR}/${FRAMEWORKS_FOLDER_PATH}/RxCocoa.framework",
				"${TARGET_BUILD_DIR}/${FRAMEWORKS_FOLDER_PATH}/RxSwift.framework",
				"${TARGET_BUILD_DIR}/${FRAMEWORKS_FOLDER_PATH}/RxSwiftExt.framework",
				"${TARGET_BUILD_DIR}/${FRAMEWORKS_FOLDER_PATH}/SnapKit.framework",
				"${TARGET_BUILD_DIR}/${FRAMEWORKS_FOLDER_PATH}/Swinject.framework",
			);
			runOnlyForDeploymentPostprocessing = 0;
			shellPath = /bin/sh;
			shellScript = "\"${SRCROOT}/Pods/Target Support Files/Pods-TicTacToeReact/Pods-TicTacToeReact-frameworks.sh\"\n";
			showEnvVarsInLog = 0;
		};
/* End PBXShellScriptBuildPhase section */

/* Begin PBXSourcesBuildPhase section */
		6DB759E821F90ED200CB617E /* Sources */ = {
			isa = PBXSourcesBuildPhase;
			buildActionMask = 2147483647;
			files = (
				6D9AB0C721F919B500204C93 /* MainState.swift in Sources */,
				6D9AB0BB21F9149A00204C93 /* GameBoardCoordinator.swift in Sources */,
				6D9AB0BD21F914CE00204C93 /* GameBoardViewModel.swift in Sources */,
				6D9AB0B821F9140200204C93 /* Coordinator.swift in Sources */,
				6D9AB0D221F9209D00204C93 /* DependencyManager.swift in Sources */,
				6D9AB0BF21F914FF00204C93 /* GameBoardViewController.swift in Sources */,
				6D9AB0D521F92CE700204C93 /* Translations.swift in Sources */,
				6D9AB0CF21F91E9100204C93 /* Actions.swift in Sources */,
				6D9AB0C921F91A6F00204C93 /* GameState.swift in Sources */,
				6D9AB0CD21F91D2C00204C93 /* GameReducer.swift in Sources */,
				6D9AB0C221F9194800204C93 /* MainStore.swift in Sources */,
				6D9AB0CB21F91C7800204C93 /* MainReducer.swift in Sources */,
				6DB759F021F90ED200CB617E /* AppDelegate.swift in Sources */,
			);
			runOnlyForDeploymentPostprocessing = 0;
		};
		6DB759FC21F90ED200CB617E /* Sources */ = {
			isa = PBXSourcesBuildPhase;
			buildActionMask = 2147483647;
			files = (
				6DB75A0521F90ED200CB617E /* TicTacToeReactTests.swift in Sources */,
			);
			runOnlyForDeploymentPostprocessing = 0;
		};
/* End PBXSourcesBuildPhase section */

/* Begin PBXTargetDependency section */
		6DB75A0221F90ED200CB617E /* PBXTargetDependency */ = {
			isa = PBXTargetDependency;
			target = 6DB759EB21F90ED200CB617E /* TicTacToeReact */;
			targetProxy = 6DB75A0121F90ED200CB617E /* PBXContainerItemProxy */;
		};
/* End PBXTargetDependency section */

/* Begin PBXVariantGroup section */
		6D9AB0D821F9349500204C93 /* Localizable.strings */ = {
			isa = PBXVariantGroup;
			children = (
				6D9AB0D921F9349500204C93 /* Base */,
				6D9AB0DB21F934C300204C93 /* nl */,
				6D9AB0DC21F934CA00204C93 /* fr */,
				6D9AB0DD21F934CE00204C93 /* en */,
			);
			name = Localizable.strings;
			sourceTree = "<group>";
		};
		6DB759F821F90ED200CB617E /* LaunchScreen.storyboard */ = {
			isa = PBXVariantGroup;
			children = (
				6DB759F921F90ED200CB617E /* Base */,
				6D9AB0D621F933CE00204C93 /* nl */,
				6D9AB0D721F9342B00204C93 /* fr */,
			);
			name = LaunchScreen.storyboard;
			sourceTree = "<group>";
		};
/* End PBXVariantGroup section */

/* Begin XCBuildConfiguration section */
		6DB75A0721F90ED200CB617E /* Debug */ = {
			isa = XCBuildConfiguration;
			buildSettings = {
				ALWAYS_SEARCH_USER_PATHS = NO;
				CLANG_ANALYZER_LOCALIZABILITY_NONLOCALIZED = YES;
				CLANG_ANALYZER_NONNULL = YES;
				CLANG_ANALYZER_NUMBER_OBJECT_CONVERSION = YES_AGGRESSIVE;
				CLANG_CXX_LANGUAGE_STANDARD = "gnu++14";
				CLANG_CXX_LIBRARY = "libc++";
				CLANG_ENABLE_MODULES = YES;
				CLANG_ENABLE_OBJC_ARC = YES;
				CLANG_WARN_BLOCK_CAPTURE_AUTORELEASING = YES;
				CLANG_WARN_BOOL_CONVERSION = YES;
				CLANG_WARN_COMMA = YES;
				CLANG_WARN_CONSTANT_CONVERSION = YES;
				CLANG_WARN_DIRECT_OBJC_ISA_USAGE = YES_ERROR;
				CLANG_WARN_DOCUMENTATION_COMMENTS = YES;
				CLANG_WARN_EMPTY_BODY = YES;
				CLANG_WARN_ENUM_CONVERSION = YES;
				CLANG_WARN_INFINITE_RECURSION = YES;
				CLANG_WARN_INT_CONVERSION = YES;
				CLANG_WARN_NON_LITERAL_NULL_CONVERSION = YES;
				CLANG_WARN_OBJC_LITERAL_CONVERSION = YES;
				CLANG_WARN_OBJC_ROOT_CLASS = YES_ERROR;
				CLANG_WARN_RANGE_LOOP_ANALYSIS = YES;
				CLANG_WARN_STRICT_PROTOTYPES = YES;
				CLANG_WARN_SUSPICIOUS_MOVE = YES;
				CLANG_WARN_UNGUARDED_AVAILABILITY = YES_AGGRESSIVE;
				CLANG_WARN_UNREACHABLE_CODE = YES;
				CLANG_WARN__DUPLICATE_METHOD_MATCH = YES;
				CODE_SIGN_IDENTITY = "iPhone Developer";
				COPY_PHASE_STRIP = NO;
				DEBUG_INFORMATION_FORMAT = dwarf;
				ENABLE_STRICT_OBJC_MSGSEND = YES;
				ENABLE_TESTABILITY = YES;
				GCC_C_LANGUAGE_STANDARD = gnu11;
				GCC_DYNAMIC_NO_PIC = NO;
				GCC_NO_COMMON_BLOCKS = YES;
				GCC_OPTIMIZATION_LEVEL = 0;
				GCC_PREPROCESSOR_DEFINITIONS = (
					"DEBUG=1",
					"$(inherited)",
				);
				GCC_WARN_64_TO_32_BIT_CONVERSION = YES;
				GCC_WARN_ABOUT_RETURN_TYPE = YES_ERROR;
				GCC_WARN_UNDECLARED_SELECTOR = YES;
				GCC_WARN_UNINITIALIZED_AUTOS = YES_AGGRESSIVE;
				GCC_WARN_UNUSED_FUNCTION = YES;
				GCC_WARN_UNUSED_VARIABLE = YES;
				IPHONEOS_DEPLOYMENT_TARGET = 11.1;
				MTL_ENABLE_DEBUG_INFO = YES;
				ONLY_ACTIVE_ARCH = YES;
				SDKROOT = iphoneos;
				SWIFT_ACTIVE_COMPILATION_CONDITIONS = DEBUG;
				SWIFT_OPTIMIZATION_LEVEL = "-Onone";
			};
			name = Debug;
		};
		6DB75A0821F90ED200CB617E /* Release */ = {
			isa = XCBuildConfiguration;
			buildSettings = {
				ALWAYS_SEARCH_USER_PATHS = NO;
				CLANG_ANALYZER_LOCALIZABILITY_NONLOCALIZED = YES;
				CLANG_ANALYZER_NONNULL = YES;
				CLANG_ANALYZER_NUMBER_OBJECT_CONVERSION = YES_AGGRESSIVE;
				CLANG_CXX_LANGUAGE_STANDARD = "gnu++14";
				CLANG_CXX_LIBRARY = "libc++";
				CLANG_ENABLE_MODULES = YES;
				CLANG_ENABLE_OBJC_ARC = YES;
				CLANG_WARN_BLOCK_CAPTURE_AUTORELEASING = YES;
				CLANG_WARN_BOOL_CONVERSION = YES;
				CLANG_WARN_COMMA = YES;
				CLANG_WARN_CONSTANT_CONVERSION = YES;
				CLANG_WARN_DIRECT_OBJC_ISA_USAGE = YES_ERROR;
				CLANG_WARN_DOCUMENTATION_COMMENTS = YES;
				CLANG_WARN_EMPTY_BODY = YES;
				CLANG_WARN_ENUM_CONVERSION = YES;
				CLANG_WARN_INFINITE_RECURSION = YES;
				CLANG_WARN_INT_CONVERSION = YES;
				CLANG_WARN_NON_LITERAL_NULL_CONVERSION = YES;
				CLANG_WARN_OBJC_LITERAL_CONVERSION = YES;
				CLANG_WARN_OBJC_ROOT_CLASS = YES_ERROR;
				CLANG_WARN_RANGE_LOOP_ANALYSIS = YES;
				CLANG_WARN_STRICT_PROTOTYPES = YES;
				CLANG_WARN_SUSPICIOUS_MOVE = YES;
				CLANG_WARN_UNGUARDED_AVAILABILITY = YES_AGGRESSIVE;
				CLANG_WARN_UNREACHABLE_CODE = YES;
				CLANG_WARN__DUPLICATE_METHOD_MATCH = YES;
				CODE_SIGN_IDENTITY = "iPhone Developer";
				COPY_PHASE_STRIP = NO;
				DEBUG_INFORMATION_FORMAT = "dwarf-with-dsym";
				ENABLE_NS_ASSERTIONS = NO;
				ENABLE_STRICT_OBJC_MSGSEND = YES;
				GCC_C_LANGUAGE_STANDARD = gnu11;
				GCC_NO_COMMON_BLOCKS = YES;
				GCC_WARN_64_TO_32_BIT_CONVERSION = YES;
				GCC_WARN_ABOUT_RETURN_TYPE = YES_ERROR;
				GCC_WARN_UNDECLARED_SELECTOR = YES;
				GCC_WARN_UNINITIALIZED_AUTOS = YES_AGGRESSIVE;
				GCC_WARN_UNUSED_FUNCTION = YES;
				GCC_WARN_UNUSED_VARIABLE = YES;
				IPHONEOS_DEPLOYMENT_TARGET = 11.1;
				MTL_ENABLE_DEBUG_INFO = NO;
				SDKROOT = iphoneos;
				SWIFT_OPTIMIZATION_LEVEL = "-Owholemodule";
				VALIDATE_PRODUCT = YES;
			};
			name = Release;
		};
		6DB75A0A21F90ED200CB617E /* Debug */ = {
			isa = XCBuildConfiguration;
			baseConfigurationReference = 8443AF2AA69BD8F32EE1E46D /* Pods-TicTacToeReact.debug.xcconfig */;
			buildSettings = {
				ASSETCATALOG_COMPILER_APPICON_NAME = AppIcon;
				CODE_SIGN_STYLE = Automatic;
				INFOPLIST_FILE = TicTacToeReact/Info.plist;
				LD_RUNPATH_SEARCH_PATHS = "$(inherited) @executable_path/Frameworks";
				PRODUCT_BUNDLE_IDENTIFIER = "be.altran.2019-DEV-079.TicTacToeReact";
				PRODUCT_NAME = "$(TARGET_NAME)";
				SWIFT_VERSION = 4.0;
				TARGETED_DEVICE_FAMILY = "1,2";
			};
			name = Debug;
		};
		6DB75A0B21F90ED200CB617E /* Release */ = {
			isa = XCBuildConfiguration;
			baseConfigurationReference = 630DA5619CF00E909D6CC28B /* Pods-TicTacToeReact.release.xcconfig */;
			buildSettings = {
				ASSETCATALOG_COMPILER_APPICON_NAME = AppIcon;
				CODE_SIGN_STYLE = Automatic;
				INFOPLIST_FILE = TicTacToeReact/Info.plist;
				LD_RUNPATH_SEARCH_PATHS = "$(inherited) @executable_path/Frameworks";
				PRODUCT_BUNDLE_IDENTIFIER = "be.altran.2019-DEV-079.TicTacToeReact";
				PRODUCT_NAME = "$(TARGET_NAME)";
				SWIFT_VERSION = 4.0;
				TARGETED_DEVICE_FAMILY = "1,2";
			};
			name = Release;
		};
		6DB75A0D21F90ED200CB617E /* Debug */ = {
			isa = XCBuildConfiguration;
			baseConfigurationReference = DB81C456A9356B0D43260A9A /* Pods-TicTacToeReactTests.debug.xcconfig */;
			buildSettings = {
				ALWAYS_EMBED_SWIFT_STANDARD_LIBRARIES = YES;
				BUNDLE_LOADER = "$(TEST_HOST)";
				CODE_SIGN_STYLE = Automatic;
				INFOPLIST_FILE = TicTacToeReactTests/Info.plist;
				LD_RUNPATH_SEARCH_PATHS = "$(inherited) @executable_path/Frameworks @loader_path/Frameworks";
				PRODUCT_BUNDLE_IDENTIFIER = "be.altran.2019-DEV-079.TicTacToeReactTests";
				PRODUCT_NAME = "$(TARGET_NAME)";
				SWIFT_VERSION = 4.0;
				TARGETED_DEVICE_FAMILY = "1,2";
				TEST_HOST = "$(BUILT_PRODUCTS_DIR)/TicTacToeReact.app/TicTacToeReact";
			};
			name = Debug;
		};
		6DB75A0E21F90ED200CB617E /* Release */ = {
			isa = XCBuildConfiguration;
			baseConfigurationReference = 9D294DCDCAC440D3E95A305C /* Pods-TicTacToeReactTests.release.xcconfig */;
			buildSettings = {
				ALWAYS_EMBED_SWIFT_STANDARD_LIBRARIES = YES;
				BUNDLE_LOADER = "$(TEST_HOST)";
				CODE_SIGN_STYLE = Automatic;
				INFOPLIST_FILE = TicTacToeReactTests/Info.plist;
				LD_RUNPATH_SEARCH_PATHS = "$(inherited) @executable_path/Frameworks @loader_path/Frameworks";
				PRODUCT_BUNDLE_IDENTIFIER = "be.altran.2019-DEV-079.TicTacToeReactTests";
				PRODUCT_NAME = "$(TARGET_NAME)";
				SWIFT_VERSION = 4.0;
				TARGETED_DEVICE_FAMILY = "1,2";
				TEST_HOST = "$(BUILT_PRODUCTS_DIR)/TicTacToeReact.app/TicTacToeReact";
			};
			name = Release;
		};
/* End XCBuildConfiguration section */

/* Begin XCConfigurationList section */
		6DB759E721F90ED200CB617E /* Build configuration list for PBXProject "TicTacToeReact" */ = {
			isa = XCConfigurationList;
			buildConfigurations = (
				6DB75A0721F90ED200CB617E /* Debug */,
				6DB75A0821F90ED200CB617E /* Release */,
			);
			defaultConfigurationIsVisible = 0;
			defaultConfigurationName = Release;
		};
		6DB75A0921F90ED200CB617E /* Build configuration list for PBXNativeTarget "TicTacToeReact" */ = {
			isa = XCConfigurationList;
			buildConfigurations = (
				6DB75A0A21F90ED200CB617E /* Debug */,
				6DB75A0B21F90ED200CB617E /* Release */,
			);
			defaultConfigurationIsVisible = 0;
			defaultConfigurationName = Release;
		};
		6DB75A0C21F90ED200CB617E /* Build configuration list for PBXNativeTarget "TicTacToeReactTests" */ = {
			isa = XCConfigurationList;
			buildConfigurations = (
				6DB75A0D21F90ED200CB617E /* Debug */,
				6DB75A0E21F90ED200CB617E /* Release */,
			);
			defaultConfigurationIsVisible = 0;
			defaultConfigurationName = Release;
		};
/* End XCConfigurationList section */
	};
	rootObject = 6DB759E421F90ED200CB617E /* Project object */;
}
